Microsoft Visual Studio Solution File, Format Version 12.00
# Visual Studio 15
VisualStudioVersion = 15.0.28010.2019
MinimumVisualStudioVersion = 10.0.40219.1
Project("{FAE04EC0-301F-11D3-BF4B-00C04F79EFBC}") = "SvgCodeGen", "SvgCodeGen\SvgCodeGen.csproj", "{9AB49871-9592-45F6-8CF8-1FB0287042B7}"
EndProject
Project("{FAE04EC0-301F-11D3-BF4B-00C04F79EFBC}") = "test", "test\test.csproj", "{EB7616E3-CABA-4F9C-83B5-93C57EB2C4F5}"
EndProject
Global
	GlobalSection(SolutionConfigurationPlatforms) = preSolution
		Debug|Any CPU = Debug|Any CPU
		Release|Any CPU = Release|Any CPU
	EndGlobalSection
	GlobalSection(ProjectConfigurationPlatforms) = postSolution
		{9AB49871-9592-45F6-8CF8-1FB0287042B7}.Debug|Any CPU.ActiveCfg = Debug|Any CPU
		{9AB49871-9592-45F6-8CF8-1FB0287042B7}.Debug|Any CPU.Build.0 = Debug|Any CPU
		{9AB49871-9592-45F6-8CF8-1FB0287042B7}.Release|Any CPU.ActiveCfg = Release|Any CPU
		{9AB49871-9592-45F6-8CF8-1FB0287042B7}.Release|Any CPU.Build.0 = Release|Any CPU
		{EB7616E3-CABA-4F9C-83B5-93C57EB2C4F5}.Debug|Any CPU.ActiveCfg = Debug|Any CPU
		{EB7616E3-CABA-4F9C-83B5-93C57EB2C4F5}.Debug|Any CPU.Build.0 = Debug|Any CPU
		{EB7616E3-CABA-4F9C-83B5-93C57EB2C4F5}.Release|Any CPU.ActiveCfg = Release|Any CPU
		{EB7616E3-CABA-4F9C-83B5-93C57EB2C4F5}.Release|Any CPU.Build.0 = Release|Any CPU
	EndGlobalSection
	GlobalSection(SolutionProperties) = preSolution
		HideSolutionNode = FALSE
	EndGlobalSection
	GlobalSection(ExtensibilityGlobals) = postSolution
		SolutionGuid = {7E85E6C6-96D8-4B3C-A60A-C4C8E74591F4}
	EndGlobalSection
EndGlobal
